
Microsoft Visual Studio Solution File, Format Version 12.00
# Visual Studio 15
VisualStudioVersion = 15.0.28307.329
MinimumVisualStudioVersion = 10.0.40219.1
Project("{FAE04EC0-301F-11D3-BF4B-00C04F79EFBC}") = "DynamicArray", "DynamicArray\DynamicArray.csproj", "{721D9A98-D8DF-46D5-9BEB-83DDFDBEDC99}"
EndProject
Global
	GlobalSection(SolutionConfigurationPlatforms) = preSolution
		Debug|Any CPU = Debug|Any CPU
		Release|Any CPU = Release|Any CPU
	EndGlobalSection
	GlobalSection(ProjectConfigurationPlatforms) = postSolution
		{721D9A98-D8DF-46D5-9BEB-83DDFDBEDC99}.Debug|Any CPU.ActiveCfg = Debug|Any CPU
		{721D9A98-D8DF-46D5-9BEB-83DDFDBEDC99}.Debug|Any CPU.Build.0 = Debug|Any CPU
		{721D9A98-D8DF-46D5-9BEB-83DDFDBEDC99}.Release|Any CPU.ActiveCfg = Release|Any CPU
		{721D9A98-D8DF-46D5-9BEB-83DDFDBEDC99}.Release|Any CPU.Build.0 = Release|Any CPU
	EndGlobalSection
	GlobalSection(SolutionProperties) = preSolution
		HideSolutionNode = FALSE
	EndGlobalSection
	GlobalSection(ExtensibilityGlobals) = postSolution
		SolutionGuid = {E1B85F3E-7A3C-44C3-9F10-3DF5A10C6EE7}
	EndGlobalSection
EndGlobal
